
Microsoft Visual Studio Solution File, Format Version 12.00
# Visual Studio Version 17
VisualStudioVersion = 17.8.34408.163
MinimumVisualStudioVersion = 10.0.40219.1
Project("{9A19103F-16F7-4668-BE54-9A1E7A4F7556}") = "FrontEnd", "FrontEnd\FrontEnd.csproj", "{60DCC405-962A-4DE9-BEAE-95E282E48033}"
EndProject
Project("{9A19103F-16F7-4668-BE54-9A1E7A4F7556}") = "GameLibrary", "GameLibrary\GameLibrary.csproj", "{F7C3BAD0-E70F-49DE-80EF-A60DED99D416}"
EndProject
Project("{9A19103F-16F7-4668-BE54-9A1E7A4F7556}") = "DataTransfer", "DataTransfer\DataTransfer.csproj", "{8CCDBB71-CE69-4223-ABD3-763A8A67EA47}"
EndProject
Project("{FAE04EC0-301F-11D3-BF4B-00C04F79EFBC}") = "Tests", "Tests\Tests.csproj", "{C7795D19-28E6-433D-A077-4867D85C1FFF}"
EndProject
Global
	GlobalSection(SolutionConfigurationPlatforms) = preSolution
		Debug|Any CPU = Debug|Any CPU
		Release|Any CPU = Release|Any CPU
	EndGlobalSection
	GlobalSection(ProjectConfigurationPlatforms) = postSolution
		{60DCC405-962A-4DE9-BEAE-95E282E48033}.Debug|Any CPU.ActiveCfg = Debug|Any CPU
		{60DCC405-962A-4DE9-BEAE-95E282E48033}.Debug|Any CPU.Build.0 = Debug|Any CPU
		{60DCC405-962A-4DE9-BEAE-95E282E48033}.Release|Any CPU.ActiveCfg = Release|Any CPU
		{60DCC405-962A-4DE9-BEAE-95E282E48033}.Release|Any CPU.Build.0 = Release|Any CPU
		{F7C3BAD0-E70F-49DE-80EF-A60DED99D416}.Debug|Any CPU.ActiveCfg = Debug|Any CPU
		{F7C3BAD0-E70F-49DE-80EF-A60DED99D416}.Debug|Any CPU.Build.0 = Debug|Any CPU
		{F7C3BAD0-E70F-49DE-80EF-A60DED99D416}.Release|Any CPU.ActiveCfg = Release|Any CPU
		{F7C3BAD0-E70F-49DE-80EF-A60DED99D416}.Release|Any CPU.Build.0 = Release|Any CPU
		{8CCDBB71-CE69-4223-ABD3-763A8A67EA47}.Debug|Any CPU.ActiveCfg = Debug|Any CPU
		{8CCDBB71-CE69-4223-ABD3-763A8A67EA47}.Debug|Any CPU.Build.0 = Debug|Any CPU
		{8CCDBB71-CE69-4223-ABD3-763A8A67EA47}.Release|Any CPU.ActiveCfg = Release|Any CPU
		{8CCDBB71-CE69-4223-ABD3-763A8A67EA47}.Release|Any CPU.Build.0 = Release|Any CPU
		{C7795D19-28E6-433D-A077-4867D85C1FFF}.Debug|Any CPU.ActiveCfg = Debug|Any CPU
		{C7795D19-28E6-433D-A077-4867D85C1FFF}.Debug|Any CPU.Build.0 = Debug|Any CPU
		{C7795D19-28E6-433D-A077-4867D85C1FFF}.Release|Any CPU.ActiveCfg = Release|Any CPU
		{C7795D19-28E6-433D-A077-4867D85C1FFF}.Release|Any CPU.Build.0 = Release|Any CPU
	EndGlobalSection
	GlobalSection(SolutionProperties) = preSolution
		HideSolutionNode = FALSE
	EndGlobalSection
	GlobalSection(ExtensibilityGlobals) = postSolution
		SolutionGuid = {49AE433B-A655-4AB2-91F8-205939F525CB}
	EndGlobalSection
EndGlobal
